{
  "requires": true,
  "lockfileVersion": 1,
  "dependencies": {
    "evolve-ga": {
      "version": "2.0.1",
      "resolved": "https://registry.npmjs.org/evolve-ga/-/evolve-ga-2.0.1.tgz",
      "integrity": "sha512-hZSN2hLww6Ig6PIvW/hi36LPUY0snNJfyufVubnWXCh+Gsgoz9Rfj+QilzBzx+7H6cFBIdE+CaKsy8m+ZeYthg=="
    }
  }
}
